
Microsoft Visual Studio Solution File, Format Version 12.00
# Visual Studio 15
VisualStudioVersion = 15.0.28307.421
MinimumVisualStudioVersion = 10.0.40219.1
Project("{FAE04EC0-301F-11D3-BF4B-00C04F79EFBC}") = "MvcIdentityBank", "MvcIdentityBank\MvcIdentityBank.csproj", "{22518A42-9B06-4F43-BE4A-F3058728FCC2}"
EndProject
Project("{FAE04EC0-301F-11D3-BF4B-00C04F79EFBC}") = "AjaxSimpleHelper", "AjaxSimpleHelper\AjaxSimpleHelper.csproj", "{0EB51C22-5CCC-4B76-B3E5-F2B68ADD9437}"
EndProject
Global
	GlobalSection(SolutionConfigurationPlatforms) = preSolution
		Debug|Any CPU = Debug|Any CPU
		Release|Any CPU = Release|Any CPU
	EndGlobalSection
	GlobalSection(ProjectConfigurationPlatforms) = postSolution
		{22518A42-9B06-4F43-BE4A-F3058728FCC2}.Debug|Any CPU.ActiveCfg = Debug|Any CPU
		{22518A42-9B06-4F43-BE4A-F3058728FCC2}.Debug|Any CPU.Build.0 = Debug|Any CPU
		{22518A42-9B06-4F43-BE4A-F3058728FCC2}.Release|Any CPU.ActiveCfg = Release|Any CPU
		{22518A42-9B06-4F43-BE4A-F3058728FCC2}.Release|Any CPU.Build.0 = Release|Any CPU
		{0EB51C22-5CCC-4B76-B3E5-F2B68ADD9437}.Debug|Any CPU.ActiveCfg = Debug|Any CPU
		{0EB51C22-5CCC-4B76-B3E5-F2B68ADD9437}.Debug|Any CPU.Build.0 = Debug|Any CPU
		{0EB51C22-5CCC-4B76-B3E5-F2B68ADD9437}.Release|Any CPU.ActiveCfg = Release|Any CPU
		{0EB51C22-5CCC-4B76-B3E5-F2B68ADD9437}.Release|Any CPU.Build.0 = Release|Any CPU
	EndGlobalSection
	GlobalSection(SolutionProperties) = preSolution
		HideSolutionNode = FALSE
	EndGlobalSection
	GlobalSection(ExtensibilityGlobals) = postSolution
		SolutionGuid = {DDCE5AFC-0087-4D31-AB7A-0A0AF9408987}
	EndGlobalSection
EndGlobal
